{
  "originHash" : "c1759fd777c9e87d8dd4a3008b4fdf122f9e45bb6ed31a14c0d490dc3a17cf41",
  "pins" : [
    {
      "identity" : "ink",
      "kind" : "remoteSourceControl",
      "location" : "https://github.com/JohnSundell/Ink.git",
      "state" : {
        "revision" : "bcc9f219900a62c4210e6db726035d7f03ae757b",
        "version" : "0.6.0"
      }
    },
    {
      "identity" : "zipfoundation",
      "kind" : "remoteSourceControl",
      "location" : "https://github.com/weichsel/ZIPFoundation.git",
      "state" : {
        "revision" : "22787ffb59de99e5dc1fbfe80b19c97a904ad48d",
        "version" : "0.9.20"
      }
    }
  ],
  "version" : 3
}
